
Microsoft Visual Studio Solution File, Format Version 12.00
# Visual Studio Version 17
VisualStudioVersion = 17.10.34916.146
MinimumVisualStudioVersion = 10.0.40219.1
Project("{FAE04EC0-301F-11D3-BF4B-00C04F79EFBC}") = "ConsumeApiExample", "ConsumeApiExample.csproj", "{E221CC22-0999-41BF-98C3-6ACC3820325D}"
EndProject
Global
	GlobalSection(SolutionConfigurationPlatforms) = preSolution
		Debug|Any CPU = Debug|Any CPU
		Release|Any CPU = Release|Any CPU
	EndGlobalSection
	GlobalSection(ProjectConfigurationPlatforms) = postSolution
		{E221CC22-0999-41BF-98C3-6ACC3820325D}.Debug|Any CPU.ActiveCfg = Debug|Any CPU
		{E221CC22-0999-41BF-98C3-6ACC3820325D}.Debug|Any CPU.Build.0 = Debug|Any CPU
		{E221CC22-0999-41BF-98C3-6ACC3820325D}.Release|Any CPU.ActiveCfg = Release|Any CPU
		{E221CC22-0999-41BF-98C3-6ACC3820325D}.Release|Any CPU.Build.0 = Release|Any CPU
	EndGlobalSection
	GlobalSection(SolutionProperties) = preSolution
		HideSolutionNode = FALSE
	EndGlobalSection
	GlobalSection(ExtensibilityGlobals) = postSolution
		SolutionGuid = {3EC1DC4F-D8E3-4930-B8B3-5DE3C4A5F04D}
	EndGlobalSection
EndGlobal
